// !$*UTF8*$!
{
	archiveVersion = 1;
	classes = {
	};
	objectVersion = 56;
	objects = {

/* Begin PBXBuildFile section */
		BFA42A7D2AC45723002FAE1F /* TotalityAssesmentApp.swift in Sources */ = {isa = PBXBuildFile; fileRef = BFA42A7C2AC45723002FAE1F /* TotalityAssesmentApp.swift */; };
		BFA42A7F2AC45723002FAE1F /* ContentView.swift in Sources */ = {isa = PBXBuildFile; fileRef = BFA42A7E2AC45723002FAE1F /* ContentView.swift */; };
		BFA42A812AC45725002FAE1F /* Assets.xcassets in Resources */ = {isa = PBXBuildFile; fileRef = BFA42A802AC45725002FAE1F /* Assets.xcassets */; };
		BFA42A842AC45725002FAE1F /* Preview Assets.xcassets in Resources */ = {isa = PBXBuildFile; fileRef = BFA42A832AC45725002FAE1F /* Preview Assets.xcassets */; };
		BFA42A8C2AC45788002FAE1F /* CardView.swift in Sources */ = {isa = PBXBuildFile; fileRef = BFA42A8B2AC45788002FAE1F /* CardView.swift */; };
		BFA42A8F2AC457C8002FAE1F /* User.swift in Sources */ = {isa = PBXBuildFile; fileRef = BFA42A8E2AC457C8002FAE1F /* User.swift */; };
		BFA42A912AC45810002FAE1F /* HomeView.swift in Sources */ = {isa = PBXBuildFile; fileRef = BFA42A902AC45810002FAE1F /* HomeView.swift */; };
		BFA42A932AC45849002FAE1F /* CardExpandView.swift in Sources */ = {isa = PBXBuildFile; fileRef = BFA42A922AC45849002FAE1F /* CardExpandView.swift */; };
		BFA42A952AC458EC002FAE1F /* PayButtonPressedView.swift in Sources */ = {isa = PBXBuildFile; fileRef = BFA42A942AC458EC002FAE1F /* PayButtonPressedView.swift */; };
		BFA42A972AC4591A002FAE1F /* SheetViewOne.swift in Sources */ = {isa = PBXBuildFile; fileRef = BFA42A962AC4591A002FAE1F /* SheetViewOne.swift */; };
		BFA42A992AC45948002FAE1F /* SheetViewTwo.swift in Sources */ = {isa = PBXBuildFile; fileRef = BFA42A982AC45948002FAE1F /* SheetViewTwo.swift */; };
		BFA42A9B2AC459E1002FAE1F /* SheetViewThree.swift in Sources */ = {isa = PBXBuildFile; fileRef = BFA42A9A2AC459E1002FAE1F /* SheetViewThree.swift */; };
		BFA42A9D2AC45AF2002FAE1F /* PayButtonView.swift in Sources */ = {isa = PBXBuildFile; fileRef = BFA42A9C2AC45AF2002FAE1F /* PayButtonView.swift */; };
/* End PBXBuildFile section */

/* Begin PBXFileReference section */
		BFA42A792AC45723002FAE1F /* TotalityAssesment.app */ = {isa = PBXFileReference; explicitFileType = wrapper.application; includeInIndex = 0; path = TotalityAssesment.app; sourceTree = BUILT_PRODUCTS_DIR; };
		BFA42A7C2AC45723002FAE1F /* TotalityAssesmentApp.swift */ = {isa = PBXFileReference; lastKnownFileType = sourcecode.swift; path = TotalityAssesmentApp.swift; sourceTree = "<group>"; };
		BFA42A7E2AC45723002FAE1F /* ContentView.swift */ = {isa = PBXFileReference; lastKnownFileType = sourcecode.swift; path = ContentView.swift; sourceTree = "<group>"; };
		BFA42A802AC45725002FAE1F /* Assets.xcassets */ = {isa = PBXFileReference; lastKnownFileType = folder.assetcatalog; path = Assets.xcassets; sourceTree = "<group>"; };
		BFA42A832AC45725002FAE1F /* Preview Assets.xcassets */ = {isa = PBXFileReference; lastKnownFileType = folder.assetcatalog; path = "Preview Assets.xcassets"; sourceTree = "<group>"; };
		BFA42A8B2AC45788002FAE1F /* CardView.swift */ = {isa = PBXFileReference; lastKnownFileType = sourcecode.swift; path = CardView.swift; sourceTree = "<group>"; };
		BFA42A8E2AC457C8002FAE1F /* User.swift */ = {isa = PBXFileReference; lastKnownFileType = sourcecode.swift; path = User.swift; sourceTree = "<group>"; };
		BFA42A902AC45810002FAE1F /* HomeView.swift */ = {isa = PBXFileReference; lastKnownFileType = sourcecode.swift; path = HomeView.swift; sourceTree = "<group>"; };
		BFA42A922AC45849002FAE1F /* CardExpandView.swift */ = {isa = PBXFileReference; lastKnownFileType = sourcecode.swift; path = CardExpandView.swift; sourceTree = "<group>"; };
		BFA42A942AC458EC002FAE1F /* PayButtonPressedView.swift */ = {isa = PBXFileReference; lastKnownFileType = sourcecode.swift; path = PayButtonPressedView.swift; sourceTree = "<group>"; };
		BFA42A962AC4591A002FAE1F /* SheetViewOne.swift */ = {isa = PBXFileReference; lastKnownFileType = sourcecode.swift; path = SheetViewOne.swift; sourceTree = "<group>"; };
		BFA42A982AC45948002FAE1F /* SheetViewTwo.swift */ = {isa = PBXFileReference; lastKnownFileType = sourcecode.swift; path = SheetViewTwo.swift; sourceTree = "<group>"; };
		BFA42A9A2AC459E1002FAE1F /* SheetViewThree.swift */ = {isa = PBXFileReference; lastKnownFileType = sourcecode.swift; path = SheetViewThree.swift; sourceTree = "<group>"; };
		BFA42A9C2AC45AF2002FAE1F /* PayButtonView.swift */ = {isa = PBXFileReference; lastKnownFileType = sourcecode.swift; path = PayButtonView.swift; sourceTree = "<group>"; };
/* End PBXFileReference section */

/* Begin PBXFrameworksBuildPhase section */
		BFA42A762AC45723002FAE1F /* Frameworks */ = {
			isa = PBXFrameworksBuildPhase;
			buildActionMask = 2147483647;
			files = (
			);
			runOnlyForDeploymentPostprocessing = 0;
		};
/* End PBXFrameworksBuildPhase section */

/* Begin PBXGroup section */
		BFA42A702AC45723002FAE1F = {
			isa = PBXGroup;
			children = (
				BFA42A7B2AC45723002FAE1F /* TotalityAssesment */,
				BFA42A7A2AC45723002FAE1F /* Products */,
			);
			sourceTree = "<group>";
		};
		BFA42A7A2AC45723002FAE1F /* Products */ = {
			isa = PBXGroup;
			children = (
				BFA42A792AC45723002FAE1F /* TotalityAssesment.app */,
			);
			name = Products;
			sourceTree = "<group>";
		};
		BFA42A7B2AC45723002FAE1F /* TotalityAssesment */ = {
			isa = PBXGroup;
			children = (
				BFA42A8D2AC457B0002FAE1F /* Model */,
				BFA42A8A2AC45730002FAE1F /* View */,
				BFA42A7C2AC45723002FAE1F /* TotalityAssesmentApp.swift */,
				BFA42A7E2AC45723002FAE1F /* ContentView.swift */,
				BFA42A802AC45725002FAE1F /* Assets.xcassets */,
				BFA42A822AC45725002FAE1F /* Preview Content */,
			);
			path = TotalityAssesment;
			sourceTree = "<group>";
		};
		BFA42A822AC45725002FAE1F /* Preview Content */ = {
			isa = PBXGroup;
			children = (
				BFA42A832AC45725002FAE1F /* Preview Assets.xcassets */,
			);
			path = "Preview Content";
			sourceTree = "<group>";
		};
		BFA42A8A2AC45730002FAE1F /* View */ = {
			isa = PBXGroup;
			children = (
				BFA42A8B2AC45788002FAE1F /* CardView.swift */,
				BFA42A902AC45810002FAE1F /* HomeView.swift */,
				BFA42A922AC45849002FAE1F /* CardExpandView.swift */,
				BFA42A942AC458EC002FAE1F /* PayButtonPressedView.swift */,
				BFA42A962AC4591A002FAE1F /* SheetViewOne.swift */,
				BFA42A982AC45948002FAE1F /* SheetViewTwo.swift */,
				BFA42A9A2AC459E1002FAE1F /* SheetViewThree.swift */,
				BFA42A9C2AC45AF2002FAE1F /* PayButtonView.swift */,
			);
			path = View;
			sourceTree = "<group>";
		};
		BFA42A8D2AC457B0002FAE1F /* Model */ = {
			isa = PBXGroup;
			children = (
				BFA42A8E2AC457C8002FAE1F /* User.swift */,
			);
			path = Model;
			sourceTree = "<group>";
		};
/* End PBXGroup section */

/* Begin PBXNativeTarget section */
		BFA42A782AC45723002FAE1F /* TotalityAssesment */ = {
			isa = PBXNativeTarget;
			buildConfigurationList = BFA42A872AC45725002FAE1F /* Build configuration list for PBXNativeTarget "TotalityAssesment" */;
			buildPhases = (
				BFA42A752AC45723002FAE1F /* Sources */,
				BFA42A762AC45723002FAE1F /* Frameworks */,
				BFA42A772AC45723002FAE1F /* Resources */,
			);
			buildRules = (
			);
			dependencies = (
			);
			name = TotalityAssesment;
			productName = TotalityAssesment;
			productReference = BFA42A792AC45723002FAE1F /* TotalityAssesment.app */;
			productType = "com.apple.product-type.application";
		};
/* End PBXNativeTarget section */

/* Begin PBXProject section */
		BFA42A712AC45723002FAE1F /* Project object */ = {
			isa = PBXProject;
			attributes = {
				BuildIndependentTargetsInParallel = 1;
				LastSwiftUpdateCheck = 1420;
				LastUpgradeCheck = 1420;
				TargetAttributes = {
					BFA42A782AC45723002FAE1F = {
						CreatedOnToolsVersion = 14.2;
					};
				};
			};
			buildConfigurationList = BFA42A742AC45723002FAE1F /* Build configuration list for PBXProject "TotalityAssesment" */;
			compatibilityVersion = "Xcode 14.0";
			developmentRegion = en;
			hasScannedForEncodings = 0;
			knownRegions = (
				en,
				Base,
			);
			mainGroup = BFA42A702AC45723002FAE1F;
			productRefGroup = BFA42A7A2AC45723002FAE1F /* Products */;
			projectDirPath = "";
			projectRoot = "";
			targets = (
				BFA42A782AC45723002FAE1F /* TotalityAssesment */,
			);
		};
/* End PBXProject section */

/* Begin PBXResourcesBuildPhase section */
		BFA42A772AC45723002FAE1F /* Resources */ = {
			isa = PBXResourcesBuildPhase;
			buildActionMask = 2147483647;
			files = (
				BFA42A842AC45725002FAE1F /* Preview Assets.xcassets in Resources */,
				BFA42A812AC45725002FAE1F /* Assets.xcassets in Resources */,
			);
			runOnlyForDeploymentPostprocessing = 0;
		};
/* End PBXResourcesBuildPhase section */

/* Begin PBXSourcesBuildPhase section */
		BFA42A752AC45723002FAE1F /* Sources */ = {
			isa = PBXSourcesBuildPhase;
			buildActionMask = 2147483647;
			files = (
				BFA42A932AC45849002FAE1F /* CardExpandView.swift in Sources */,
				BFA42A9B2AC459E1002FAE1F /* SheetViewThree.swift in Sources */,
				BFA42A8F2AC457C8002FAE1F /* User.swift in Sources */,
				BFA42A7F2AC45723002FAE1F /* ContentView.swift in Sources */,
				BFA42A972AC4591A002FAE1F /* SheetViewOne.swift in Sources */,
				BFA42A9D2AC45AF2002FAE1F /* PayButtonView.swift in Sources */,
				BFA42A8C2AC45788002FAE1F /* CardView.swift in Sources */,
				BFA42A992AC45948002FAE1F /* SheetViewTwo.swift in Sources */,
				BFA42A912AC45810002FAE1F /* HomeView.swift in Sources */,
				BFA42A952AC458EC002FAE1F /* PayButtonPressedView.swift in Sources */,
				BFA42A7D2AC45723002FAE1F /* TotalityAssesmentApp.swift in Sources */,
			);
			runOnlyForDeploymentPostprocessing = 0;
		};
/* End PBXSourcesBuildPhase section */

/* Begin XCBuildConfiguration section */
		BFA42A852AC45725002FAE1F /* Debug */ = {
			isa = XCBuildConfiguration;
			buildSettings = {
				ALWAYS_SEARCH_USER_PATHS = NO;
				CLANG_ANALYZER_NONNULL = YES;
				CLANG_ANALYZER_NUMBER_OBJECT_CONVERSION = YES_AGGRESSIVE;
				CLANG_CXX_LANGUAGE_STANDARD = "gnu++20";
				CLANG_ENABLE_MODULES = YES;
				CLANG_ENABLE_OBJC_ARC = YES;
				CLANG_ENABLE_OBJC_WEAK = YES;
				CLANG_WARN_BLOCK_CAPTURE_AUTORELEASING = YES;
				CLANG_WARN_BOOL_CONVERSION = YES;
				CLANG_WARN_COMMA = YES;
				CLANG_WARN_CONSTANT_CONVERSION = YES;
				CLANG_WARN_DEPRECATED_OBJC_IMPLEMENTATIONS = YES;
				CLANG_WARN_DIRECT_OBJC_ISA_USAGE = YES_ERROR;
				CLANG_WARN_DOCUMENTATION_COMMENTS = YES;
				CLANG_WARN_EMPTY_BODY = YES;
				CLANG_WARN_ENUM_CONVERSION = YES;
				CLANG_WARN_INFINITE_RECURSION = YES;
				CLANG_WARN_INT_CONVERSION = YES;
				CLANG_WARN_NON_LITERAL_NULL_CONVERSION = YES;
				CLANG_WARN_OBJC_IMPLICIT_RETAIN_SELF = YES;
				CLANG_WARN_OBJC_LITERAL_CONVERSION = YES;
				CLANG_WARN_OBJC_ROOT_CLASS = YES_ERROR;
				CLANG_WARN_QUOTED_INCLUDE_IN_FRAMEWORK_HEADER = YES;
				CLANG_WARN_RANGE_LOOP_ANALYSIS = YES;
				CLANG_WARN_STRICT_PROTOTYPES = YES;
				CLANG_WARN_SUSPICIOUS_MOVE = YES;
				CLANG_WARN_UNGUARDED_AVAILABILITY = YES_AGGRESSIVE;
				CLANG_WARN_UNREACHABLE_CODE = YES;
				CLANG_WARN__DUPLICATE_METHOD_MATCH = YES;
				COPY_PHASE_STRIP = NO;
				DEBUG_INFORMATION_FORMAT = dwarf;
				ENABLE_STRICT_OBJC_MSGSEND = YES;
				ENABLE_TESTABILITY = YES;
				GCC_C_LANGUAGE_STANDARD = gnu11;
				GCC_DYNAMIC_NO_PIC = NO;
				GCC_NO_COMMON_BLOCKS = YES;
				GCC_OPTIMIZATION_LEVEL = 0;
				GCC_PREPROCESSOR_DEFINITIONS = (
					"DEBUG=1",
					"$(inherited)",
				);
				GCC_WARN_64_TO_32_BIT_CONVERSION = YES;
				GCC_WARN_ABOUT_RETURN_TYPE = YES_ERROR;
				GCC_WARN_UNDECLARED_SELECTOR = YES;
				GCC_WARN_UNINITIALIZED_AUTOS = YES_AGGRESSIVE;
				GCC_WARN_UNUSED_FUNCTION = YES;
				GCC_WARN_UNUSED_VARIABLE = YES;
				IPHONEOS_DEPLOYMENT_TARGET = 16.2;
				MTL_ENABLE_DEBUG_INFO = INCLUDE_SOURCE;
				MTL_FAST_MATH = YES;
				ONLY_ACTIVE_ARCH = YES;
				SDKROOT = iphoneos;
				SWIFT_ACTIVE_COMPILATION_CONDITIONS = DEBUG;
				SWIFT_OPTIMIZATION_LEVEL = "-Onone";
			};
			name = Debug;
		};
		BFA42A862AC45725002FAE1F /* Release */ = {
			isa = XCBuildConfiguration;
			buildSettings = {
				ALWAYS_SEARCH_USER_PATHS = NO;
				CLANG_ANALYZER_NONNULL = YES;
				CLANG_ANALYZER_NUMBER_OBJECT_CONVERSION = YES_AGGRESSIVE;
				CLANG_CXX_LANGUAGE_STANDARD = "gnu++20";
				CLANG_ENABLE_MODULES = YES;
				CLANG_ENABLE_OBJC_ARC = YES;
				CLANG_ENABLE_OBJC_WEAK = YES;
				CLANG_WARN_BLOCK_CAPTURE_AUTORELEASING = YES;
				CLANG_WARN_BOOL_CONVERSION = YES;
				CLANG_WARN_COMMA = YES;
				CLANG_WARN_CONSTANT_CONVERSION = YES;
				CLANG_WARN_DEPRECATED_OBJC_IMPLEMENTATIONS = YES;
				CLANG_WARN_DIRECT_OBJC_ISA_USAGE = YES_ERROR;
				CLANG_WARN_DOCUMENTATION_COMMENTS = YES;
				CLANG_WARN_EMPTY_BODY = YES;
				CLANG_WARN_ENUM_CONVERSION = YES;
				CLANG_WARN_INFINITE_RECURSION = YES;
				CLANG_WARN_INT_CONVERSION = YES;
				CLANG_WARN_NON_LITERAL_NULL_CONVERSION = YES;
				CLANG_WARN_OBJC_IMPLICIT_RETAIN_SELF = YES;
				CLANG_WARN_OBJC_LITERAL_CONVERSION = YES;
				CLANG_WARN_OBJC_ROOT_CLASS = YES_ERROR;
				CLANG_WARN_QUOTED_INCLUDE_IN_FRAMEWORK_HEADER = YES;
				CLANG_WARN_RANGE_LOOP_ANALYSIS = YES;
				CLANG_WARN_STRICT_PROTOTYPES = YES;
				CLANG_WARN_SUSPICIOUS_MOVE = YES;
				CLANG_WARN_UNGUARDED_AVAILABILITY = YES_AGGRESSIVE;
				CLANG_WARN_UNREACHABLE_CODE = YES;
				CLANG_WARN__DUPLICATE_METHOD_MATCH = YES;
				COPY_PHASE_STRIP = NO;
				DEBUG_INFORMATION_FORMAT = "dwarf-with-dsym";
				ENABLE_NS_ASSERTIONS = NO;
				ENABLE_STRICT_OBJC_MSGSEND = YES;
				GCC_C_LANGUAGE_STANDARD = gnu11;
				GCC_NO_COMMON_BLOCKS = YES;
				GCC_WARN_64_TO_32_BIT_CONVERSION = YES;
				GCC_WARN_ABOUT_RETURN_TYPE = YES_ERROR;
				GCC_WARN_UNDECLARED_SELECTOR = YES;
				GCC_WARN_UNINITIALIZED_AUTOS = YES_AGGRESSIVE;
				GCC_WARN_UNUSED_FUNCTION = YES;
				GCC_WARN_UNUSED_VARIABLE = YES;
				IPHONEOS_DEPLOYMENT_TARGET = 16.2;
				MTL_ENABLE_DEBUG_INFO = NO;
				MTL_FAST_MATH = YES;
				SDKROOT = iphoneos;
				SWIFT_COMPILATION_MODE = wholemodule;
				SWIFT_OPTIMIZATION_LEVEL = "-O";
				VALIDATE_PRODUCT = YES;
			};
			name = Release;
		};
		BFA42A882AC45725002FAE1F /* Debug */ = {
			isa = XCBuildConfiguration;
			buildSettings = {
				ASSETCATALOG_COMPILER_APPICON_NAME = AppIcon;
				ASSETCATALOG_COMPILER_GLOBAL_ACCENT_COLOR_NAME = AccentColor;
				CODE_SIGN_STYLE = Automatic;
				CURRENT_PROJECT_VERSION = 1;
				DEVELOPMENT_ASSET_PATHS = "\"TotalityAssesment/Preview Content\"";
				DEVELOPMENT_TEAM = 8ACASK54TM;
				ENABLE_PREVIEWS = YES;
				GENERATE_INFOPLIST_FILE = YES;
				INFOPLIST_KEY_UIApplicationSceneManifest_Generation = YES;
				INFOPLIST_KEY_UIApplicationSupportsIndirectInputEvents = YES;
				INFOPLIST_KEY_UILaunchScreen_Generation = YES;
				INFOPLIST_KEY_UISupportedInterfaceOrientations_iPad = "UIInterfaceOrientationPortrait UIInterfaceOrientationPortraitUpsideDown UIInterfaceOrientationLandscapeLeft UIInterfaceOrientationLandscapeRight";
				INFOPLIST_KEY_UISupportedInterfaceOrientations_iPhone = "UIInterfaceOrientationPortrait UIInterfaceOrientationLandscapeLeft UIInterfaceOrientationLandscapeRight";
				LD_RUNPATH_SEARCH_PATHS = (
					"$(inherited)",
					"@executable_path/Frameworks",
				);
				MARKETING_VERSION = 1.0;
				PRODUCT_BUNDLE_IDENTIFIER = Totality.TotalityAssesment;
				PRODUCT_NAME = "$(TARGET_NAME)";
				SWIFT_EMIT_LOC_STRINGS = YES;
				SWIFT_VERSION = 5.0;
				TARGETED_DEVICE_FAMILY = "1,2";
			};
			name = Debug;
		};
		BFA42A892AC45725002FAE1F /* Release */ = {
			isa = XCBuildConfiguration;
			buildSettings = {
				ASSETCATALOG_COMPILER_APPICON_NAME = AppIcon;
				ASSETCATALOG_COMPILER_GLOBAL_ACCENT_COLOR_NAME = AccentColor;
				CODE_SIGN_STYLE = Automatic;
				CURRENT_PROJECT_VERSION = 1;
				DEVELOPMENT_ASSET_PATHS = "\"TotalityAssesment/Preview Content\"";
				DEVELOPMENT_TEAM = 8ACASK54TM;
				ENABLE_PREVIEWS = YES;
				GENERATE_INFOPLIST_FILE = YES;
				INFOPLIST_KEY_UIApplicationSceneManifest_Generation = YES;
				INFOPLIST_KEY_UIApplicationSupportsIndirectInputEvents = YES;
				INFOPLIST_KEY_UILaunchScreen_Generation = YES;
				INFOPLIST_KEY_UISupportedInterfaceOrientations_iPad = "UIInterfaceOrientationPortrait UIInterfaceOrientationPortraitUpsideDown UIInterfaceOrientationLandscapeLeft UIInterfaceOrientationLandscapeRight";
				INFOPLIST_KEY_UISupportedInterfaceOrientations_iPhone = "UIInterfaceOrientationPortrait UIInterfaceOrientationLandscapeLeft UIInterfaceOrientationLandscapeRight";
				LD_RUNPATH_SEARCH_PATHS = (
					"$(inherited)",
					"@executable_path/Frameworks",
				);
				MARKETING_VERSION = 1.0;
				PRODUCT_BUNDLE_IDENTIFIER = Totality.TotalityAssesment;
				PRODUCT_NAME = "$(TARGET_NAME)";
				SWIFT_EMIT_LOC_STRINGS = YES;
				SWIFT_VERSION = 5.0;
				TARGETED_DEVICE_FAMILY = "1,2";
			};
			name = Release;
		};
/* End XCBuildConfiguration section */

/* Begin XCConfigurationList section */
		BFA42A742AC45723002FAE1F /* Build configuration list for PBXProject "TotalityAssesment" */ = {
			isa = XCConfigurationList;
			buildConfigurations = (
				BFA42A852AC45725002FAE1F /* Debug */,
				BFA42A862AC45725002FAE1F /* Release */,
			);
			defaultConfigurationIsVisible = 0;
			defaultConfigurationName = Release;
		};
		BFA42A872AC45725002FAE1F /* Build configuration list for PBXNativeTarget "TotalityAssesment" */ = {
			isa = XCConfigurationList;
			buildConfigurations = (
				BFA42A882AC45725002FAE1F /* Debug */,
				BFA42A892AC45725002FAE1F /* Release */,
			);
			defaultConfigurationIsVisible = 0;
			defaultConfigurationName = Release;
		};
/* End XCConfigurationList section */
	};
	rootObject = BFA42A712AC45723002FAE1F /* Project object */;
}
